// !$*UTF8*$!
{
	archiveVersion = 1;
	classes = {
	};
	objectVersion = 51;
	objects = {

/* Begin PBXBuildFile section */
		802E2572A360A778ED1CC1C4 /* Pods_Counter.framework in Frameworks */ = {isa = PBXBuildFile; fileRef = CF723DD8E222F077BAE78F5F /* Pods_Counter.framework */; };
		EE390119236D7BAD009A8B99 /* AppDelegate.swift in Sources */ = {isa = PBXBuildFile; fileRef = EE390118236D7BAD009A8B99 /* AppDelegate.swift */; };
		EE39011D236D7BAD009A8B99 /* CounterViewController.swift in Sources */ = {isa = PBXBuildFile; fileRef = EE39011C236D7BAD009A8B99 /* CounterViewController.swift */; };
		EE390120236D7BAD009A8B99 /* Main.storyboard in Resources */ = {isa = PBXBuildFile; fileRef = EE39011E236D7BAD009A8B99 /* Main.storyboard */; };
		EE390122236D7BAF009A8B99 /* Assets.xcassets in Resources */ = {isa = PBXBuildFile; fileRef = EE390121236D7BAF009A8B99 /* Assets.xcassets */; };
		EE390125236D7BAF009A8B99 /* LaunchScreen.storyboard in Resources */ = {isa = PBXBuildFile; fileRef = EE390123236D7BAF009A8B99 /* LaunchScreen.storyboard */; };
		EE39012D236D8051009A8B99 /* CustomCounterTableViewCell.swift in Sources */ = {isa = PBXBuildFile; fileRef = EE39012C236D8051009A8B99 /* CustomCounterTableViewCell.swift */; };
		EE913DA7236D926900075743 /* CounterModel.swift in Sources */ = {isa = PBXBuildFile; fileRef = EE913DA6236D926900075743 /* CounterModel.swift */; };
		EE913DA9236D948A00075743 /* StorageManager.swift in Sources */ = {isa = PBXBuildFile; fileRef = EE913DA8236D948A00075743 /* StorageManager.swift */; };
		EE913DAB2370125600075743 /* MainViewController.swift in Sources */ = {isa = PBXBuildFile; fileRef = EE913DAA2370125600075743 /* MainViewController.swift */; };
		EE913DAD2370137A00075743 /* CustomListTableViewCell.swift in Sources */ = {isa = PBXBuildFile; fileRef = EE913DAC2370137A00075743 /* CustomListTableViewCell.swift */; };
		EE913DAF23701B7900075743 /* CounterStorage.swift in Sources */ = {isa = PBXBuildFile; fileRef = EE913DAE23701B7900075743 /* CounterStorage.swift */; };
/* End PBXBuildFile section */

/* Begin PBXFileReference section */
		0AB51C0983FB4E6853FBC69C /* Pods-Counter.debug.xcconfig */ = {isa = PBXFileReference; includeInIndex = 1; lastKnownFileType = text.xcconfig; name = "Pods-Counter.debug.xcconfig"; path = "Target Support Files/Pods-Counter/Pods-Counter.debug.xcconfig"; sourceTree = "<group>"; };
		7C4C66616A9C0F9FEA845D9A /* Pods-Counter.release.xcconfig */ = {isa = PBXFileReference; includeInIndex = 1; lastKnownFileType = text.xcconfig; name = "Pods-Counter.release.xcconfig"; path = "Target Support Files/Pods-Counter/Pods-Counter.release.xcconfig"; sourceTree = "<group>"; };
		CF723DD8E222F077BAE78F5F /* Pods_Counter.framework */ = {isa = PBXFileReference; explicitFileType = wrapper.framework; includeInIndex = 0; path = Pods_Counter.framework; sourceTree = BUILT_PRODUCTS_DIR; };
		EE390115236D7BAD009A8B99 /* Counter.app */ = {isa = PBXFileReference; explicitFileType = wrapper.application; includeInIndex = 0; path = Counter.app; sourceTree = BUILT_PRODUCTS_DIR; };
		EE390118236D7BAD009A8B99 /* AppDelegate.swift */ = {isa = PBXFileReference; lastKnownFileType = sourcecode.swift; path = AppDelegate.swift; sourceTree = "<group>"; };
		EE39011C236D7BAD009A8B99 /* CounterViewController.swift */ = {isa = PBXFileReference; lastKnownFileType = sourcecode.swift; path = CounterViewController.swift; sourceTree = "<group>"; };
		EE39011F236D7BAD009A8B99 /* Base */ = {isa = PBXFileReference; lastKnownFileType = file.storyboard; name = Base; path = Base.lproj/Main.storyboard; sourceTree = "<group>"; };
		EE390121236D7BAF009A8B99 /* Assets.xcassets */ = {isa = PBXFileReference; lastKnownFileType = folder.assetcatalog; path = Assets.xcassets; sourceTree = "<group>"; };
		EE390124236D7BAF009A8B99 /* Base */ = {isa = PBXFileReference; lastKnownFileType = file.storyboard; name = Base; path = Base.lproj/LaunchScreen.storyboard; sourceTree = "<group>"; };
		EE390126236D7BAF009A8B99 /* Info.plist */ = {isa = PBXFileReference; lastKnownFileType = text.plist.xml; path = Info.plist; sourceTree = "<group>"; };
		EE39012C236D8051009A8B99 /* CustomCounterTableViewCell.swift */ = {isa = PBXFileReference; lastKnownFileType = sourcecode.swift; path = CustomCounterTableViewCell.swift; sourceTree = "<group>"; };
		EE913DA6236D926900075743 /* CounterModel.swift */ = {isa = PBXFileReference; lastKnownFileType = sourcecode.swift; path = CounterModel.swift; sourceTree = "<group>"; };
		EE913DA8236D948A00075743 /* StorageManager.swift */ = {isa = PBXFileReference; lastKnownFileType = sourcecode.swift; path = StorageManager.swift; sourceTree = "<group>"; };
		EE913DAA2370125600075743 /* MainViewController.swift */ = {isa = PBXFileReference; lastKnownFileType = sourcecode.swift; path = MainViewController.swift; sourceTree = "<group>"; };
		EE913DAC2370137A00075743 /* CustomListTableViewCell.swift */ = {isa = PBXFileReference; lastKnownFileType = sourcecode.swift; path = CustomListTableViewCell.swift; sourceTree = "<group>"; };
		EE913DAE23701B7900075743 /* CounterStorage.swift */ = {isa = PBXFileReference; lastKnownFileType = sourcecode.swift; path = CounterStorage.swift; sourceTree = "<group>"; };
/* End PBXFileReference section */

/* Begin PBXFrameworksBuildPhase section */
		EE390112236D7BAD009A8B99 /* Frameworks */ = {
			isa = PBXFrameworksBuildPhase;
			buildActionMask = 2147483647;
			files = (
				802E2572A360A778ED1CC1C4 /* Pods_Counter.framework in Frameworks */,
			);
			runOnlyForDeploymentPostprocessing = 0;
		};
/* End PBXFrameworksBuildPhase section */

/* Begin PBXGroup section */
		34E5BEAA287204216EB9CA78 /* Pods */ = {
			isa = PBXGroup;
			children = (
				0AB51C0983FB4E6853FBC69C /* Pods-Counter.debug.xcconfig */,
				7C4C66616A9C0F9FEA845D9A /* Pods-Counter.release.xcconfig */,
			);
			path = Pods;
			sourceTree = "<group>";
		};
		C51ABDEFFF8EB2C47F26591F /* Frameworks */ = {
			isa = PBXGroup;
			children = (
				CF723DD8E222F077BAE78F5F /* Pods_Counter.framework */,
			);
			name = Frameworks;
			sourceTree = "<group>";
		};
		EE39010C236D7BAC009A8B99 = {
			isa = PBXGroup;
			children = (
				EE390117236D7BAD009A8B99 /* Counter */,
				EE390116236D7BAD009A8B99 /* Products */,
				34E5BEAA287204216EB9CA78 /* Pods */,
				C51ABDEFFF8EB2C47F26591F /* Frameworks */,
			);
			sourceTree = "<group>";
		};
		EE390116236D7BAD009A8B99 /* Products */ = {
			isa = PBXGroup;
			children = (
				EE390115236D7BAD009A8B99 /* Counter.app */,
			);
			name = Products;
			sourceTree = "<group>";
		};
		EE390117236D7BAD009A8B99 /* Counter */ = {
			isa = PBXGroup;
			children = (
				EE390118236D7BAD009A8B99 /* AppDelegate.swift */,
				EE913DAA2370125600075743 /* MainViewController.swift */,
				EE39011C236D7BAD009A8B99 /* CounterViewController.swift */,
				EE39011E236D7BAD009A8B99 /* Main.storyboard */,
				EE913DAC2370137A00075743 /* CustomListTableViewCell.swift */,
				EE39012C236D8051009A8B99 /* CustomCounterTableViewCell.swift */,
				EE913DA6236D926900075743 /* CounterModel.swift */,
				EE913DAE23701B7900075743 /* CounterStorage.swift */,
				EE913DA8236D948A00075743 /* StorageManager.swift */,
				EE390121236D7BAF009A8B99 /* Assets.xcassets */,
				EE390123236D7BAF009A8B99 /* LaunchScreen.storyboard */,
				EE390126236D7BAF009A8B99 /* Info.plist */,
			);
			path = Counter;
			sourceTree = "<group>";
		};
/* End PBXGroup section */

/* Begin PBXNativeTarget section */
		EE390114236D7BAD009A8B99 /* Counter */ = {
			isa = PBXNativeTarget;
			buildConfigurationList = EE390129236D7BAF009A8B99 /* Build configuration list for PBXNativeTarget "Counter" */;
			buildPhases = (
				E919C3BD7279188CCCFF0062 /* [CP] Check Pods Manifest.lock */,
				EE390111236D7BAD009A8B99 /* Sources */,
				EE390112236D7BAD009A8B99 /* Frameworks */,
				EE390113236D7BAD009A8B99 /* Resources */,
				E7C15B255C460D0725B86135 /* [CP] Embed Pods Frameworks */,
			);
			buildRules = (
			);
			dependencies = (
			);
			name = Counter;
			productName = Counter;
			productReference = EE390115236D7BAD009A8B99 /* Counter.app */;
			productType = "com.apple.product-type.application";
		};
/* End PBXNativeTarget section */

/* Begin PBXProject section */
		EE39010D236D7BAC009A8B99 /* Project object */ = {
			isa = PBXProject;
			attributes = {
				LastSwiftUpdateCheck = 1120;
				LastUpgradeCheck = 1120;
				ORGANIZATIONNAME = "Artem Emelianov";
				TargetAttributes = {
					EE390114236D7BAD009A8B99 = {
						CreatedOnToolsVersion = 11.2;
					};
				};
			};
			buildConfigurationList = EE390110236D7BAC009A8B99 /* Build configuration list for PBXProject "Counter" */;
			compatibilityVersion = "Xcode 9.3";
			developmentRegion = en;
			hasScannedForEncodings = 0;
			knownRegions = (
				en,
				Base,
			);
			mainGroup = EE39010C236D7BAC009A8B99;
			productRefGroup = EE390116236D7BAD009A8B99 /* Products */;
			projectDirPath = "";
			projectRoot = "";
			targets = (
				EE390114236D7BAD009A8B99 /* Counter */,
			);
		};
/* End PBXProject section */

/* Begin PBXResourcesBuildPhase section */
		EE390113236D7BAD009A8B99 /* Resources */ = {
			isa = PBXResourcesBuildPhase;
			buildActionMask = 2147483647;
			files = (
				EE390125236D7BAF009A8B99 /* LaunchScreen.storyboard in Resources */,
				EE390122236D7BAF009A8B99 /* Assets.xcassets in Resources */,
				EE390120236D7BAD009A8B99 /* Main.storyboard in Resources */,
			);
			runOnlyForDeploymentPostprocessing = 0;
		};
/* End PBXResourcesBuildPhase section */

/* Begin PBXShellScriptBuildPhase section */
		E7C15B255C460D0725B86135 /* [CP] Embed Pods Frameworks */ = {
			isa = PBXShellScriptBuildPhase;
			buildActionMask = 2147483647;
			files = (
			);
			inputFileListPaths = (
				"${PODS_ROOT}/Target Support Files/Pods-Counter/Pods-Counter-frameworks-${CONFIGURATION}-input-files.xcfilelist",
			);
			name = "[CP] Embed Pods Frameworks";
			outputFileListPaths = (
				"${PODS_ROOT}/Target Support Files/Pods-Counter/Pods-Counter-frameworks-${CONFIGURATION}-output-files.xcfilelist",
			);
			runOnlyForDeploymentPostprocessing = 0;
			shellPath = /bin/sh;
			shellScript = "\"${PODS_ROOT}/Target Support Files/Pods-Counter/Pods-Counter-frameworks.sh\"\n";
			showEnvVarsInLog = 0;
		};
		E919C3BD7279188CCCFF0062 /* [CP] Check Pods Manifest.lock */ = {
			isa = PBXShellScriptBuildPhase;
			buildActionMask = 2147483647;
			files = (
			);
			inputFileListPaths = (
			);
			inputPaths = (
				"${PODS_PODFILE_DIR_PATH}/Podfile.lock",
				"${PODS_ROOT}/Manifest.lock",
			);
			name = "[CP] Check Pods Manifest.lock";
			outputFileListPaths = (
			);
			outputPaths = (
				"$(DERIVED_FILE_DIR)/Pods-Counter-checkManifestLockResult.txt",
			);
			runOnlyForDeploymentPostprocessing = 0;
			shellPath = /bin/sh;
			shellScript = "diff \"${PODS_PODFILE_DIR_PATH}/Podfile.lock\" \"${PODS_ROOT}/Manifest.lock\" > /dev/null\nif [ $? != 0 ] ; then\n    # print error to STDERR\n    echo \"error: The sandbox is not in sync with the Podfile.lock. Run 'pod install' or update your CocoaPods installation.\" >&2\n    exit 1\nfi\n# This output is used by Xcode 'outputs' to avoid re-running this script phase.\necho \"SUCCESS\" > \"${SCRIPT_OUTPUT_FILE_0}\"\n";
			showEnvVarsInLog = 0;
		};
/* End PBXShellScriptBuildPhase section */

/* Begin PBXSourcesBuildPhase section */
		EE390111236D7BAD009A8B99 /* Sources */ = {
			isa = PBXSourcesBuildPhase;
			buildActionMask = 2147483647;
			files = (
				EE39011D236D7BAD009A8B99 /* CounterViewController.swift in Sources */,
				EE390119236D7BAD009A8B99 /* AppDelegate.swift in Sources */,
				EE913DAD2370137A00075743 /* CustomListTableViewCell.swift in Sources */,
				EE39012D236D8051009A8B99 /* CustomCounterTableViewCell.swift in Sources */,
				EE913DAB2370125600075743 /* MainViewController.swift in Sources */,
				EE913DA9236D948A00075743 /* StorageManager.swift in Sources */,
				EE913DA7236D926900075743 /* CounterModel.swift in Sources */,
				EE913DAF23701B7900075743 /* CounterStorage.swift in Sources */,
			);
			runOnlyForDeploymentPostprocessing = 0;
		};
/* End PBXSourcesBuildPhase section */

/* Begin PBXVariantGroup section */
		EE39011E236D7BAD009A8B99 /* Main.storyboard */ = {
			isa = PBXVariantGroup;
			children = (
				EE39011F236D7BAD009A8B99 /* Base */,
			);
			name = Main.storyboard;
			sourceTree = "<group>";
		};
		EE390123236D7BAF009A8B99 /* LaunchScreen.storyboard */ = {
			isa = PBXVariantGroup;
			children = (
				EE390124236D7BAF009A8B99 /* Base */,
			);
			name = LaunchScreen.storyboard;
			sourceTree = "<group>";
		};
/* End PBXVariantGroup section */

/* Begin XCBuildConfiguration section */
		EE390127236D7BAF009A8B99 /* Debug */ = {
			isa = XCBuildConfiguration;
			buildSettings = {
				ALWAYS_SEARCH_USER_PATHS = NO;
				CLANG_ANALYZER_NONNULL = YES;
				CLANG_ANALYZER_NUMBER_OBJECT_CONVERSION = YES_AGGRESSIVE;
				CLANG_CXX_LANGUAGE_STANDARD = "gnu++14";
				CLANG_CXX_LIBRARY = "libc++";
				CLANG_ENABLE_MODULES = YES;
				CLANG_ENABLE_OBJC_ARC = YES;
				CLANG_ENABLE_OBJC_WEAK = YES;
				CLANG_WARN_BLOCK_CAPTURE_AUTORELEASING = YES;
				CLANG_WARN_BOOL_CONVERSION = YES;
				CLANG_WARN_COMMA = YES;
				CLANG_WARN_CONSTANT_CONVERSION = YES;
				CLANG_WARN_DEPRECATED_OBJC_IMPLEMENTATIONS = YES;
				CLANG_WARN_DIRECT_OBJC_ISA_USAGE = YES_ERROR;
				CLANG_WARN_DOCUMENTATION_COMMENTS = YES;
				CLANG_WARN_EMPTY_BODY = YES;
				CLANG_WARN_ENUM_CONVERSION = YES;
				CLANG_WARN_INFINITE_RECURSION = YES;
				CLANG_WARN_INT_CONVERSION = YES;
				CLANG_WARN_NON_LITERAL_NULL_CONVERSION = YES;
				CLANG_WARN_OBJC_IMPLICIT_RETAIN_SELF = YES;
				CLANG_WARN_OBJC_LITERAL_CONVERSION = YES;
				CLANG_WARN_OBJC_ROOT_CLASS = YES_ERROR;
				CLANG_WARN_RANGE_LOOP_ANALYSIS = YES;
				CLANG_WARN_STRICT_PROTOTYPES = YES;
				CLANG_WARN_SUSPICIOUS_MOVE = YES;
				CLANG_WARN_UNGUARDED_AVAILABILITY = YES_AGGRESSIVE;
				CLANG_WARN_UNREACHABLE_CODE = YES;
				CLANG_WARN__DUPLICATE_METHOD_MATCH = YES;
				COPY_PHASE_STRIP = NO;
				DEBUG_INFORMATION_FORMAT = dwarf;
				ENABLE_STRICT_OBJC_MSGSEND = YES;
				ENABLE_TESTABILITY = YES;
				GCC_C_LANGUAGE_STANDARD = gnu11;
				GCC_DYNAMIC_NO_PIC = NO;
				GCC_NO_COMMON_BLOCKS = YES;
				GCC_OPTIMIZATION_LEVEL = 0;
				GCC_PREPROCESSOR_DEFINITIONS = (
					"DEBUG=1",
					"$(inherited)",
				);
				GCC_WARN_64_TO_32_BIT_CONVERSION = YES;
				GCC_WARN_ABOUT_RETURN_TYPE = YES_ERROR;
				GCC_WARN_UNDECLARED_SELECTOR = YES;
				GCC_WARN_UNINITIALIZED_AUTOS = YES_AGGRESSIVE;
				GCC_WARN_UNUSED_FUNCTION = YES;
				GCC_WARN_UNUSED_VARIABLE = YES;
				IPHONEOS_DEPLOYMENT_TARGET = 13.2;
				MTL_ENABLE_DEBUG_INFO = INCLUDE_SOURCE;
				MTL_FAST_MATH = YES;
				ONLY_ACTIVE_ARCH = YES;
				SDKROOT = iphoneos;
				SWIFT_ACTIVE_COMPILATION_CONDITIONS = DEBUG;
				SWIFT_OPTIMIZATION_LEVEL = "-Onone";
			};
			name = Debug;
		};
		EE390128236D7BAF009A8B99 /* Release */ = {
			isa = XCBuildConfiguration;
			buildSettings = {
				ALWAYS_SEARCH_USER_PATHS = NO;
				CLANG_ANALYZER_NONNULL = YES;
				CLANG_ANALYZER_NUMBER_OBJECT_CONVERSION = YES_AGGRESSIVE;
				CLANG_CXX_LANGUAGE_STANDARD = "gnu++14";
				CLANG_CXX_LIBRARY = "libc++";
				CLANG_ENABLE_MODULES = YES;
				CLANG_ENABLE_OBJC_ARC = YES;
				CLANG_ENABLE_OBJC_WEAK = YES;
				CLANG_WARN_BLOCK_CAPTURE_AUTORELEASING = YES;
				CLANG_WARN_BOOL_CONVERSION = YES;
				CLANG_WARN_COMMA = YES;
				CLANG_WARN_CONSTANT_CONVERSION = YES;
				CLANG_WARN_DEPRECATED_OBJC_IMPLEMENTATIONS = YES;
				CLANG_WARN_DIRECT_OBJC_ISA_USAGE = YES_ERROR;
				CLANG_WARN_DOCUMENTATION_COMMENTS = YES;
				CLANG_WARN_EMPTY_BODY = YES;
				CLANG_WARN_ENUM_CONVERSION = YES;
				CLANG_WARN_INFINITE_RECURSION = YES;
				CLANG_WARN_INT_CONVERSION = YES;
				CLANG_WARN_NON_LITERAL_NULL_CONVERSION = YES;
				CLANG_WARN_OBJC_IMPLICIT_RETAIN_SELF = YES;
				CLANG_WARN_OBJC_LITERAL_CONVERSION = YES;
				CLANG_WARN_OBJC_ROOT_CLASS = YES_ERROR;
				CLANG_WARN_RANGE_LOOP_ANALYSIS = YES;
				CLANG_WARN_STRICT_PROTOTYPES = YES;
				CLANG_WARN_SUSPICIOUS_MOVE = YES;
				CLANG_WARN_UNGUARDED_AVAILABILITY = YES_AGGRESSIVE;
				CLANG_WARN_UNREACHABLE_CODE = YES;
				CLANG_WARN__DUPLICATE_METHOD_MATCH = YES;
				COPY_PHASE_STRIP = NO;
				DEBUG_INFORMATION_FORMAT = "dwarf-with-dsym";
				ENABLE_NS_ASSERTIONS = NO;
				ENABLE_STRICT_OBJC_MSGSEND = YES;
				GCC_C_LANGUAGE_STANDARD = gnu11;
				GCC_NO_COMMON_BLOCKS = YES;
				GCC_WARN_64_TO_32_BIT_CONVERSION = YES;
				GCC_WARN_ABOUT_RETURN_TYPE = YES_ERROR;
				GCC_WARN_UNDECLARED_SELECTOR = YES;
				GCC_WARN_UNINITIALIZED_AUTOS = YES_AGGRESSIVE;
				GCC_WARN_UNUSED_FUNCTION = YES;
				GCC_WARN_UNUSED_VARIABLE = YES;
				IPHONEOS_DEPLOYMENT_TARGET = 13.2;
				MTL_ENABLE_DEBUG_INFO = NO;
				MTL_FAST_MATH = YES;
				SDKROOT = iphoneos;
				SWIFT_COMPILATION_MODE = wholemodule;
				SWIFT_OPTIMIZATION_LEVEL = "-O";
				VALIDATE_PRODUCT = YES;
			};
			name = Release;
		};
		EE39012A236D7BAF009A8B99 /* Debug */ = {
			isa = XCBuildConfiguration;
			baseConfigurationReference = 0AB51C0983FB4E6853FBC69C /* Pods-Counter.debug.xcconfig */;
			buildSettings = {
				ASSETCATALOG_COMPILER_APPICON_NAME = AppIcon;
				CODE_SIGN_STYLE = Automatic;
				DEVELOPMENT_TEAM = 9DT65SS5ZB;
				INFOPLIST_FILE = Counter/Info.plist;
				IPHONEOS_DEPLOYMENT_TARGET = 12.0;
				LD_RUNPATH_SEARCH_PATHS = (
					"$(inherited)",
					"@executable_path/Frameworks",
				);
				PRODUCT_BUNDLE_IDENTIFIER = com.ArtemEmelianov.Counter;
				PRODUCT_NAME = "$(TARGET_NAME)";
				SWIFT_VERSION = 5.0;
				TARGETED_DEVICE_FAMILY = "1,2";
			};
			name = Debug;
		};
		EE39012B236D7BAF009A8B99 /* Release */ = {
			isa = XCBuildConfiguration;
			baseConfigurationReference = 7C4C66616A9C0F9FEA845D9A /* Pods-Counter.release.xcconfig */;
			buildSettings = {
				ASSETCATALOG_COMPILER_APPICON_NAME = AppIcon;
				CODE_SIGN_STYLE = Automatic;
				DEVELOPMENT_TEAM = 9DT65SS5ZB;
				INFOPLIST_FILE = Counter/Info.plist;
				IPHONEOS_DEPLOYMENT_TARGET = 12.0;
				LD_RUNPATH_SEARCH_PATHS = (
					"$(inherited)",
					"@executable_path/Frameworks",
				);
				PRODUCT_BUNDLE_IDENTIFIER = com.ArtemEmelianov.Counter;
				PRODUCT_NAME = "$(TARGET_NAME)";
				SWIFT_VERSION = 5.0;
				TARGETED_DEVICE_FAMILY = "1,2";
			};
			name = Release;
		};
/* End XCBuildConfiguration section */

/* Begin XCConfigurationList section */
		EE390110236D7BAC009A8B99 /* Build configuration list for PBXProject "Counter" */ = {
			isa = XCConfigurationList;
			buildConfigurations = (
				EE390127236D7BAF009A8B99 /* Debug */,
				EE390128236D7BAF009A8B99 /* Release */,
			);
			defaultConfigurationIsVisible = 0;
			defaultConfigurationName = Release;
		};
		EE390129236D7BAF009A8B99 /* Build configuration list for PBXNativeTarget "Counter" */ = {
			isa = XCConfigurationList;
			buildConfigurations = (
				EE39012A236D7BAF009A8B99 /* Debug */,
				EE39012B236D7BAF009A8B99 /* Release */,
			);
			defaultConfigurationIsVisible = 0;
			defaultConfigurationName = Release;
		};
/* End XCConfigurationList section */
	};
	rootObject = EE39010D236D7BAC009A8B99 /* Project object */;
}
